<?xml version="1.0" encoding="utf-8"?>
<Project ToolsVersion="4.0" xmlns="http://schemas.microsoft.com/developer/msbuild/2003">
  <ItemGroup>
    <Filter Include="Fragment">
      <UniqueIdentifier>{F94FEC46-E51C-4752-0E36-35FAFA617CE0}</UniqueIdentifier>
    </Filter>
    <Filter Include="Fragment\Events">
      <UniqueIdentifier>{BD299BAD-29B5-0872-32C6-8B669ED06472}</UniqueIdentifier>
    </Filter>
    <Filter Include="Platform">
      <UniqueIdentifier>{2AC788B4-1694-E3BF-3FAD-D1672BD9184E}</UniqueIdentifier>
    </Filter>
  </ItemGroup>
  <ItemGroup>
    <ClInclude Include="src\Fragment.h" />
    <ClInclude Include="src\Fragment\Application.h">
      <Filter>Fragment</Filter>
    </ClInclude>
    <ClInclude Include="src\Fragment\Core.h">
      <Filter>Fragment</Filter>
    </ClInclude>
    <ClInclude Include="src\Fragment\EntryPoint.h">
      <Filter>Fragment</Filter>
    </ClInclude>
    <ClInclude Include="src\Fragment\Events\ApplicationEvent.h">
      <Filter>Fragment\Events</Filter>
    </ClInclude>
    <ClInclude Include="src\Fragment\Events\Event.h">
      <Filter>Fragment\Events</Filter>
    </ClInclude>
    <ClInclude Include="src\Fragment\Events\KeyEvent.h">
      <Filter>Fragment\Events</Filter>
    </ClInclude>
    <ClInclude Include="src\Fragment\Events\MouseEvent.h">
      <Filter>Fragment\Events</Filter>
    </ClInclude>
    <ClInclude Include="src\Fragment\Layer.h">
      <Filter>Fragment</Filter>
    </ClInclude>
    <ClInclude Include="src\Fragment\LayerStack.h">
      <Filter>Fragment</Filter>
    </ClInclude>
    <ClInclude Include="src\Fragment\Log.h">
      <Filter>Fragment</Filter>
    </ClInclude>
    <ClInclude Include="src\Fragment\Window.h">
      <Filter>Fragment</Filter>
    </ClInclude>
    <ClInclude Include="src\Platform\WindowsWindow.h">
      <Filter>Platform</Filter>
    </ClInclude>
    <ClInclude Include="src\frgpch.h" />
  </ItemGroup>
  <ItemGroup>
    <ClCompile Include="src\Fragment\Application.cpp">
      <Filter>Fragment</Filter>
    </ClCompile>
    <ClCompile Include="src\Fragment\Layer.cpp">
      <Filter>Fragment</Filter>
    </ClCompile>
    <ClCompile Include="src\Fragment\LayerStack.cpp">
      <Filter>Fragment</Filter>
    </ClCompile>
    <ClCompile Include="src\Fragment\Log.cpp">
      <Filter>Fragment</Filter>
    </ClCompile>
    <ClCompile Include="src\Platform\WindowsWindow.cpp">
      <Filter>Platform</Filter>
    </ClCompile>
    <ClCompile Include="src\frgpch.cpp" />
  </ItemGroup>
</Project>